
Microsoft Visual Studio Solution File, Format Version 12.00
# Visual Studio Version 17
VisualStudioVersion = 17.6.33815.320
MinimumVisualStudioVersion = 10.0.40219.1
Project("{8BC9CEB8-8B4A-11D0-8D11-00A0C91BC942}") = "crypter", "crypter\crypter.vcxproj", "{DE3DAF99-FE91-4300-A369-D46AF9DFC979}"
EndProject
Global
	GlobalSection(SolutionConfigurationPlatforms) = preSolution
		Debug|x64 = Debug|x64
		Debug|x86 = Debug|x86
		Release|x64 = Release|x64
		Release|x86 = Release|x86
	EndGlobalSection
	GlobalSection(ProjectConfigurationPlatforms) = postSolution
		{DE3DAF99-FE91-4300-A369-D46AF9DFC979}.Debug|x64.ActiveCfg = Debug|x64
		{DE3DAF99-FE91-4300-A369-D46AF9DFC979}.Debug|x64.Build.0 = Debug|x64
		{DE3DAF99-FE91-4300-A369-D46AF9DFC979}.Debug|x86.ActiveCfg = Debug|Win32
		{DE3DAF99-FE91-4300-A369-D46AF9DFC979}.Debug|x86.Build.0 = Debug|Win32
		{DE3DAF99-FE91-4300-A369-D46AF9DFC979}.Release|x64.ActiveCfg = Release|x64
		{DE3DAF99-FE91-4300-A369-D46AF9DFC979}.Release|x64.Build.0 = Release|x64
		{DE3DAF99-FE91-4300-A369-D46AF9DFC979}.Release|x86.ActiveCfg = Release|Win32
		{DE3DAF99-FE91-4300-A369-D46AF9DFC979}.Release|x86.Build.0 = Release|Win32
	EndGlobalSection
	GlobalSection(SolutionProperties) = preSolution
		HideSolutionNode = FALSE
	EndGlobalSection
	GlobalSection(ExtensibilityGlobals) = postSolution
		SolutionGuid = {68DA1A40-B237-40BA-A3E5-7ACF61B3D841}
	EndGlobalSection
EndGlobal
